# ============================================================================
# QCAL Environment Lock File - Complete Reproducibility Manifest
# ============================================================================
#
# Generated: 2026-01-18 06:04:57 UTC
# Repository: https://github.com/motanova84/141hz
# Project: GW250114-141Hz Analysis - QCAL ∞³ Framework
#
# This file provides complete environment specification for bit-for-bit
# reproducibility of all computational results, including:
#   - 141.7001 Hz gravitational wave detections (GW150914, GW250114, etc.)
#   - Riemann Hypothesis / BSD formalization proofs (Lean 4)
#   - P vs NP equivalence demonstrations
#   - Multi-event SNR analysis (18.2σ cumulative significance)
#   - AT2020afhd harmonic analysis (noesis field verification)
#
# ============================================================================
# USAGE FOR AUDITORS AND EXTERNAL VERIFICATION
# ============================================================================
#
# 1. BASIC INSTALLATION (creates reproducible environment):
#    python3 -m venv venv
#    source venv/bin/activate  # On Windows: venv\Scripts\activate
#    pip install -r ENV.lock
#
# 2. VERIFY ENVIRONMENT INTEGRITY:
#    python scripts/validate_reproducibility.py --strict
#
# 3. REPRODUCE KEY RESULTS:
#    # Validate fundamental frequency and κ constant
#    python validate_v5_coronacion.py --precision 50
#    
#    # Verify Riemann zeros connection
#    python validate_riemann_zeros.py --precision 50
#    
#    # Analyze GW150914 with 141.7 Hz resonance
#    python analisis_completo_gw150914.py
#    
#    # Validate AT2020afhd harmonic detection
#    python validate_at2020afhd_harmonic.py
#
# 4. OBTAIN DATASETS (if not included):
#    # Gravitational wave data from GWOSC:
#    wget https://gwosc.org/eventapi/html/GWTC-1-confident/GW150914/
#    
#    # Additional LIGO data:
#    python -c 'from gwosc import datasets; datasets.find_datasets()'
#
# 5. RUN COMPLETE VALIDATION SUITE:
#    python run_all_validations.py
#
# ============================================================================

# ============================================================================
# SYSTEM INFORMATION (Environment where ENV.lock was generated)
# ============================================================================
#
# Operating System: Linux 6.11.0-1018-azure
# OS Version: #18~24.04.1-Ubuntu SMP Sat Jun 28 04:46:03 UTC 2025
# Architecture: x86_64
# Processor: x86_64
# Kernel (full): Linux version 6.11.0-1018-azure (buildd@lcy02-amd64-113) (x86_64-linux-gnu-gcc-13 (Ubuntu 13.3.0-6ubuntu2~24.04) 13.3.0,
#    GNU ld (GNU Binutils for Ubuntu) 2.42) #18~24.04.1-Ubuntu SMP Sat Jun 28 04:46:03 UTC 2025
#
# Python Version: 3.12.3 (CPython)
# Python Compiler: GCC 13.3.0
# Python Build: ('main', 'Nov  6 2025 13:44:16')
#
# Note: Results are reproducible across different OS/architectures when
# using the same Python version and package versions listed below.
#
# Build Tools and Compilers:
#   gcc: gcc (Ubuntu 13.3.0-6ubuntu2~24.04) 13.3.0
#   g++: g++ (Ubuntu 13.3.0-6ubuntu2~24.04) 13.3.0
#   gfortran: GNU Fortran (Ubuntu 13.3.0-6ubuntu2~24.04) 13.3.0
#   cmake: cmake version 3.31.6
#   make: GNU Make 4.3
#
# Git Repository State (when ENV.lock was generated):
#   Commit SHA: 6d90f3d4eb57227daa975bf1f60924331d5fab77
#   Branch: copilot/add-environment-lock-feature
#   Git Describe: 6d90f3d
#
# External Tools (for specialized computations):
#   lean4: Not installed (optional - for formal verification)
#   minisat: Not installed (optional - for SAT solving)
#   cryptominisat5: Not installed (optional - for SAT solving)
#   z3: Not installed (optional - for SAT solving)
#   lalsuite: Not installed (optional - for LAL gravitational wave analysis)
#
# ============================================================================

# ============================================================================
# PYTHON DEPENDENCIES
# ============================================================================
#
# Install all dependencies with: pip install -r ENV.lock
#
# For hash-verified installation (maximum security):
#   See repro/GWTC-1/env.lock for pip-compile generated hashes
#   Or generate your own: pip-compile --generate-hashes requirements.txt
#
# ============================================================================


# ============================================================================
# DATASET REFERENCES AND CHECKSUMS
# ============================================================================
#
# Datasets used for analysis with SHA256 checksums for verification.
# Obtain datasets from:
#   - GWOSC (Gravitational Wave Open Science Center): https://gwosc.org
#   - LIGO Scientific Collaboration: https://www.ligo.org/
#
# Data files in repository:
# calabi_yau_varieties.csv:
#   SHA256: cd9d24ee97144b898c9e08765bc6fafb25d5c546cdbb72110eea6bb6909230b4
#   Size: 554 bytes
# prompts_qcal.json:
#   SHA256: 56c2b2b9420b374db065047412ebccb6eef8d52d314503274b9feb2727fb3c84
#   Size: 5410 bytes
#
# Standard GWOSC datasets used (download automatically):
#   - GW150914: https://gwosc.org/eventapi/html/GWTC-1-confident/GW150914/
#   - GW170814: https://gwosc.org/eventapi/html/GWTC-1-confident/GW170814/
#   - GW250114: (O4 data, pending public release)
#
# ============================================================================

# ============================================================================
# COMPUTATIONAL CONFIGURATION
# ============================================================================
#
# Random Seeds (for reproducibility of stochastic algorithms):
#   numpy.random.seed(42)  # Used in all validation scripts
#   random.seed(42)        # Python standard library
#
# Precision Settings:
#   mpmath.mp.dps = 50  # Decimal places for arbitrary precision arithmetic
#   numpy.float64       # Standard floating point precision
#
# Physical/Mathematical Constants (for validation):
#   f₀ (fundamental frequency): 141.7001 Hz
#   κ (kappa structural constant): (137 × φ) / π ≈ 68.50815...
#   φ (golden ratio): (1 + √5) / 2 ≈ 1.618033988749...
#   Ψ-NSE bandpass cutoff: 100-250 Hz
#
# Sampling Rates:
#   LIGO/Virgo: 4096 Hz (standard for O3/O4)
#   KAGRA: 4096 Hz
#
# ============================================================================

# ============================================================================
# REPRODUCIBILITY VERIFICATION CHECKLIST
# ============================================================================
#
# After installation, verify your environment matches this lock file:
#
# ✓ 1. Python version matches (3.11 or 3.12):
#      python --version
#
# ✓ 2. All packages installed with correct versions:
#      pip freeze | diff - ENV.lock
#
# ✓ 3. Run validation script:
#      python scripts/validate_reproducibility.py --strict
#
# ✓ 4. Verify core constants compute correctly:
#      python -c 'from qcal.core import f0; print(f"f0={f0:.6f} Hz")'
#
# ✓ 5. Test high-precision arithmetic:
#      python -c 'import mpmath; mpmath.mp.dps=50; print(mpmath.phi)'
#
# ============================================================================

# ============================================================================
# METADATA
# ============================================================================
#
# Lock File Version: 2.0.0
# Generated By: scripts/enhance_env_lock.py
# Timestamp: 2026-01-18T06:04:57.296186+00:00
# DOI: 10.5281/zenodo.17445017
#
# This environment lock ensures:
#   ✓ Bit-for-bit reproducibility of numerical results
#   ✓ External auditor verification capability
#   ✓ Long-term scientific result preservation
#   ✓ Cross-platform validation (with same Python version)
#
# For questions or issues with reproducibility:
#   - GitHub Issues: https://github.com/motanova84/141hz/issues
#   - Documentation: REPRODUCIBILIDAD.md, SECURITY.md
#   - Contact: via GitHub @motanova84
#
# ============================================================================
